
Microsoft Visual Studio Solution File, Format Version 12.00
# Visual Studio Version 17
VisualStudioVersion = 17.0.31912.275
MinimumVisualStudioVersion = 10.0.40219.1
Project("{9A19103F-16F7-4668-BE54-9A1E7A4F7556}") = "TcpChatLib", "TcpChatLib\TcpChatLib.csproj", "{B35236A6-DEDE-4F54-87A9-E84F58D397DB}"
EndProject
Project("{9A19103F-16F7-4668-BE54-9A1E7A4F7556}") = "TcpClientWpf", "TcpClientWpf\TcpClientWpf.csproj", "{B0ABA08A-7986-45A0-B7BC-FD914E65CAF3}"
EndProject
Project("{FAE04EC0-301F-11D3-BF4B-00C04F79EFBC}") = "TcpServerConsole", "TcpServerConsole\TcpServerConsole.csproj", "{06E4AFE0-B953-4B7C-939C-5E2A5FF571D0}"
EndProject
Global
	GlobalSection(SolutionConfigurationPlatforms) = preSolution
		Debug|Any CPU = Debug|Any CPU
		Release|Any CPU = Release|Any CPU
	EndGlobalSection
	GlobalSection(ProjectConfigurationPlatforms) = postSolution
		{B35236A6-DEDE-4F54-87A9-E84F58D397DB}.Debug|Any CPU.ActiveCfg = Debug|Any CPU
		{B35236A6-DEDE-4F54-87A9-E84F58D397DB}.Debug|Any CPU.Build.0 = Debug|Any CPU
		{B35236A6-DEDE-4F54-87A9-E84F58D397DB}.Release|Any CPU.ActiveCfg = Release|Any CPU
		{B35236A6-DEDE-4F54-87A9-E84F58D397DB}.Release|Any CPU.Build.0 = Release|Any CPU
		{B0ABA08A-7986-45A0-B7BC-FD914E65CAF3}.Debug|Any CPU.ActiveCfg = Debug|Any CPU
		{B0ABA08A-7986-45A0-B7BC-FD914E65CAF3}.Debug|Any CPU.Build.0 = Debug|Any CPU
		{B0ABA08A-7986-45A0-B7BC-FD914E65CAF3}.Release|Any CPU.ActiveCfg = Release|Any CPU
		{B0ABA08A-7986-45A0-B7BC-FD914E65CAF3}.Release|Any CPU.Build.0 = Release|Any CPU
		{06E4AFE0-B953-4B7C-939C-5E2A5FF571D0}.Debug|Any CPU.ActiveCfg = Debug|Any CPU
		{06E4AFE0-B953-4B7C-939C-5E2A5FF571D0}.Debug|Any CPU.Build.0 = Debug|Any CPU
		{06E4AFE0-B953-4B7C-939C-5E2A5FF571D0}.Release|Any CPU.ActiveCfg = Release|Any CPU
		{06E4AFE0-B953-4B7C-939C-5E2A5FF571D0}.Release|Any CPU.Build.0 = Release|Any CPU
	EndGlobalSection
	GlobalSection(SolutionProperties) = preSolution
		HideSolutionNode = FALSE
	EndGlobalSection
	GlobalSection(ExtensibilityGlobals) = postSolution
		SolutionGuid = {2478C9EA-27BC-433B-A1CF-1133A07720FE}
	EndGlobalSection
EndGlobal
